
Microsoft Visual Studio Solution File, Format Version 12.00
# Visual Studio Version 17
VisualStudioVersion = 17.0.31611.283
MinimumVisualStudioVersion = 10.0.40219.1
Project("{9A19103F-16F7-4668-BE54-9A1E7A4F7556}") = "EngineersToolbox", "Engineers Toolbox\EngineersToolbox.csproj", "{2809C90E-1CB1-45E5-8C27-377E97B84154}"
EndProject
Project("{9A19103F-16F7-4668-BE54-9A1E7A4F7556}") = "EngineersToolbox.Models", "EngineersToolbox.Models\EngineersToolbox.Models.csproj", "{6BADA5DD-05DA-4640-9EFA-471737E39FC8}"
EndProject
Project("{9A19103F-16F7-4668-BE54-9A1E7A4F7556}") = "EngineersToolbox.Services", "EngineersToolbox.Services\EngineersToolbox.Services.csproj", "{6D012760-DB4F-4C00-9BF4-D155FE21F13C}"
EndProject
Project("{9A19103F-16F7-4668-BE54-9A1E7A4F7556}") = "EngineersToolbox.Tests", "EngineersToolbox.Tests\EngineersToolbox.Tests.csproj", "{B387A8DC-A567-40C4-A476-4459DF692BFC}"
EndProject
Project("{FAE04EC0-301F-11D3-BF4B-00C04F79EFBC}") = "EngineersToolbox.Data", "EngineersToolbox.Data\EngineersToolbox.Data.csproj", "{1E9B2B30-5130-4B4E-890F-CC2A18AB685B}"
EndProject
Global
	GlobalSection(SolutionConfigurationPlatforms) = preSolution
		Debug|Any CPU = Debug|Any CPU
		Release|Any CPU = Release|Any CPU
	EndGlobalSection
	GlobalSection(ProjectConfigurationPlatforms) = postSolution
		{2809C90E-1CB1-45E5-8C27-377E97B84154}.Debug|Any CPU.ActiveCfg = Debug|Any CPU
		{2809C90E-1CB1-45E5-8C27-377E97B84154}.Debug|Any CPU.Build.0 = Debug|Any CPU
		{2809C90E-1CB1-45E5-8C27-377E97B84154}.Debug|Any CPU.Deploy.0 = Debug|Any CPU
		{2809C90E-1CB1-45E5-8C27-377E97B84154}.Release|Any CPU.ActiveCfg = Release|Any CPU
		{2809C90E-1CB1-45E5-8C27-377E97B84154}.Release|Any CPU.Build.0 = Release|Any CPU
		{2809C90E-1CB1-45E5-8C27-377E97B84154}.Release|Any CPU.Deploy.0 = Release|Any CPU
		{6BADA5DD-05DA-4640-9EFA-471737E39FC8}.Debug|Any CPU.ActiveCfg = Debug|Any CPU
		{6BADA5DD-05DA-4640-9EFA-471737E39FC8}.Debug|Any CPU.Build.0 = Debug|Any CPU
		{6BADA5DD-05DA-4640-9EFA-471737E39FC8}.Release|Any CPU.ActiveCfg = Release|Any CPU
		{6BADA5DD-05DA-4640-9EFA-471737E39FC8}.Release|Any CPU.Build.0 = Release|Any CPU
		{6D012760-DB4F-4C00-9BF4-D155FE21F13C}.Debug|Any CPU.ActiveCfg = Debug|Any CPU
		{6D012760-DB4F-4C00-9BF4-D155FE21F13C}.Debug|Any CPU.Build.0 = Debug|Any CPU
		{6D012760-DB4F-4C00-9BF4-D155FE21F13C}.Release|Any CPU.ActiveCfg = Release|Any CPU
		{6D012760-DB4F-4C00-9BF4-D155FE21F13C}.Release|Any CPU.Build.0 = Release|Any CPU
		{B387A8DC-A567-40C4-A476-4459DF692BFC}.Debug|Any CPU.ActiveCfg = Debug|Any CPU
		{B387A8DC-A567-40C4-A476-4459DF692BFC}.Debug|Any CPU.Build.0 = Debug|Any CPU
		{B387A8DC-A567-40C4-A476-4459DF692BFC}.Release|Any CPU.ActiveCfg = Release|Any CPU
		{B387A8DC-A567-40C4-A476-4459DF692BFC}.Release|Any CPU.Build.0 = Release|Any CPU
		{1E9B2B30-5130-4B4E-890F-CC2A18AB685B}.Debug|Any CPU.ActiveCfg = Debug|Any CPU
		{1E9B2B30-5130-4B4E-890F-CC2A18AB685B}.Debug|Any CPU.Build.0 = Debug|Any CPU
		{1E9B2B30-5130-4B4E-890F-CC2A18AB685B}.Release|Any CPU.ActiveCfg = Release|Any CPU
		{1E9B2B30-5130-4B4E-890F-CC2A18AB685B}.Release|Any CPU.Build.0 = Release|Any CPU
	EndGlobalSection
	GlobalSection(SolutionProperties) = preSolution
		HideSolutionNode = FALSE
	EndGlobalSection
	GlobalSection(ExtensibilityGlobals) = postSolution
		SolutionGuid = {61F7FB11-1E47-470C-91E2-47F8143E1572}
	EndGlobalSection
EndGlobal
